// !$*UTF8*$!
{
	archiveVersion = 1;
	classes = {
	};
	objectVersion = 50;
	objects = {

/* Begin PBXBuildFile section */
		EC3E14EC22A50E3B00CBB45B /* AppDelegate.swift in Sources */ = {isa = PBXBuildFile; fileRef = EC3E14EB22A50E3B00CBB45B /* AppDelegate.swift */; };
		EC3E14EE22A50E3B00CBB45B /* FirstViewController.swift in Sources */ = {isa = PBXBuildFile; fileRef = EC3E14ED22A50E3B00CBB45B /* FirstViewController.swift */; };
		EC3E14F022A50E3B00CBB45B /* SecondViewController.swift in Sources */ = {isa = PBXBuildFile; fileRef = EC3E14EF22A50E3B00CBB45B /* SecondViewController.swift */; };
		EC3E14F322A50E3B00CBB45B /* Main.storyboard in Resources */ = {isa = PBXBuildFile; fileRef = EC3E14F122A50E3B00CBB45B /* Main.storyboard */; };
		EC3E14F522A50E3E00CBB45B /* Assets.xcassets in Resources */ = {isa = PBXBuildFile; fileRef = EC3E14F422A50E3E00CBB45B /* Assets.xcassets */; };
		EC3E14F822A50E3E00CBB45B /* LaunchScreen.storyboard in Resources */ = {isa = PBXBuildFile; fileRef = EC3E14F622A50E3E00CBB45B /* LaunchScreen.storyboard */; };
		EC969A0A22C0CFD0004F9FC0 /* SettingsViewController.swift in Sources */ = {isa = PBXBuildFile; fileRef = EC969A0922C0CFD0004F9FC0 /* SettingsViewController.swift */; };
/* End PBXBuildFile section */

/* Begin PBXFileReference section */
		EC3E14E822A50E3B00CBB45B /* GroupUp.app */ = {isa = PBXFileReference; explicitFileType = wrapper.application; includeInIndex = 0; path = GroupUp.app; sourceTree = BUILT_PRODUCTS_DIR; };
		EC3E14EB22A50E3B00CBB45B /* AppDelegate.swift */ = {isa = PBXFileReference; lastKnownFileType = sourcecode.swift; path = AppDelegate.swift; sourceTree = "<group>"; };
		EC3E14ED22A50E3B00CBB45B /* FirstViewController.swift */ = {isa = PBXFileReference; lastKnownFileType = sourcecode.swift; path = FirstViewController.swift; sourceTree = "<group>"; };
		EC3E14EF22A50E3B00CBB45B /* SecondViewController.swift */ = {isa = PBXFileReference; lastKnownFileType = sourcecode.swift; path = SecondViewController.swift; sourceTree = "<group>"; };
		EC3E14F222A50E3B00CBB45B /* Base */ = {isa = PBXFileReference; lastKnownFileType = file.storyboard; name = Base; path = Base.lproj/Main.storyboard; sourceTree = "<group>"; };
		EC3E14F422A50E3E00CBB45B /* Assets.xcassets */ = {isa = PBXFileReference; lastKnownFileType = folder.assetcatalog; path = Assets.xcassets; sourceTree = "<group>"; };
		EC3E14F722A50E3E00CBB45B /* Base */ = {isa = PBXFileReference; lastKnownFileType = file.storyboard; name = Base; path = Base.lproj/LaunchScreen.storyboard; sourceTree = "<group>"; };
		EC3E14F922A50E3E00CBB45B /* Info.plist */ = {isa = PBXFileReference; lastKnownFileType = text.plist.xml; path = Info.plist; sourceTree = "<group>"; };
		EC969A0922C0CFD0004F9FC0 /* SettingsViewController.swift */ = {isa = PBXFileReference; lastKnownFileType = sourcecode.swift; path = SettingsViewController.swift; sourceTree = "<group>"; };
/* End PBXFileReference section */

/* Begin PBXFrameworksBuildPhase section */
		EC3E14E522A50E3B00CBB45B /* Frameworks */ = {
			isa = PBXFrameworksBuildPhase;
			buildActionMask = 2147483647;
			files = (
			);
			runOnlyForDeploymentPostprocessing = 0;
		};
/* End PBXFrameworksBuildPhase section */

/* Begin PBXGroup section */
		EC3E14DF22A50E3B00CBB45B = {
			isa = PBXGroup;
			children = (
				EC3E14EA22A50E3B00CBB45B /* GroupUp */,
				EC3E14E922A50E3B00CBB45B /* Products */,
			);
			sourceTree = "<group>";
		};
		EC3E14E922A50E3B00CBB45B /* Products */ = {
			isa = PBXGroup;
			children = (
				EC3E14E822A50E3B00CBB45B /* GroupUp.app */,
			);
			name = Products;
			sourceTree = "<group>";
		};
		EC3E14EA22A50E3B00CBB45B /* GroupUp */ = {
			isa = PBXGroup;
			children = (
				EC3E14EB22A50E3B00CBB45B /* AppDelegate.swift */,
				EC3E14ED22A50E3B00CBB45B /* FirstViewController.swift */,
				EC3E14EF22A50E3B00CBB45B /* SecondViewController.swift */,
				EC3E14F122A50E3B00CBB45B /* Main.storyboard */,
				EC3E14F422A50E3E00CBB45B /* Assets.xcassets */,
				EC3E14F622A50E3E00CBB45B /* LaunchScreen.storyboard */,
				EC3E14F922A50E3E00CBB45B /* Info.plist */,
				EC969A0922C0CFD0004F9FC0 /* SettingsViewController.swift */,
			);
			path = GroupUp;
			sourceTree = "<group>";
		};
/* End PBXGroup section */

/* Begin PBXNativeTarget section */
		EC3E14E722A50E3B00CBB45B /* GroupUp */ = {
			isa = PBXNativeTarget;
			buildConfigurationList = EC3E14FC22A50E3E00CBB45B /* Build configuration list for PBXNativeTarget "GroupUp" */;
			buildPhases = (
				EC3E14E422A50E3B00CBB45B /* Sources */,
				EC3E14E522A50E3B00CBB45B /* Frameworks */,
				EC3E14E622A50E3B00CBB45B /* Resources */,
			);
			buildRules = (
			);
			dependencies = (
			);
			name = GroupUp;
			productName = GroupUp;
			productReference = EC3E14E822A50E3B00CBB45B /* GroupUp.app */;
			productType = "com.apple.product-type.application";
		};
/* End PBXNativeTarget section */

/* Begin PBXProject section */
		EC3E14E022A50E3B00CBB45B /* Project object */ = {
			isa = PBXProject;
			attributes = {
				LastSwiftUpdateCheck = 1010;
				LastUpgradeCheck = 1010;
				ORGANIZATIONNAME = etudiant;
				TargetAttributes = {
					EC3E14E722A50E3B00CBB45B = {
						CreatedOnToolsVersion = 10.1;
					};
				};
			};
			buildConfigurationList = EC3E14E322A50E3B00CBB45B /* Build configuration list for PBXProject "GroupUp" */;
			compatibilityVersion = "Xcode 9.3";
			developmentRegion = en;
			hasScannedForEncodings = 0;
			knownRegions = (
				en,
				Base,
			);
			mainGroup = EC3E14DF22A50E3B00CBB45B;
			productRefGroup = EC3E14E922A50E3B00CBB45B /* Products */;
			projectDirPath = "";
			projectRoot = "";
			targets = (
				EC3E14E722A50E3B00CBB45B /* GroupUp */,
			);
		};
/* End PBXProject section */

/* Begin PBXResourcesBuildPhase section */
		EC3E14E622A50E3B00CBB45B /* Resources */ = {
			isa = PBXResourcesBuildPhase;
			buildActionMask = 2147483647;
			files = (
				EC3E14F822A50E3E00CBB45B /* LaunchScreen.storyboard in Resources */,
				EC3E14F522A50E3E00CBB45B /* Assets.xcassets in Resources */,
				EC3E14F322A50E3B00CBB45B /* Main.storyboard in Resources */,
			);
			runOnlyForDeploymentPostprocessing = 0;
		};
/* End PBXResourcesBuildPhase section */

/* Begin PBXSourcesBuildPhase section */
		EC3E14E422A50E3B00CBB45B /* Sources */ = {
			isa = PBXSourcesBuildPhase;
			buildActionMask = 2147483647;
			files = (
				EC3E14F022A50E3B00CBB45B /* SecondViewController.swift in Sources */,
				EC3E14EC22A50E3B00CBB45B /* AppDelegate.swift in Sources */,
				EC3E14EE22A50E3B00CBB45B /* FirstViewController.swift in Sources */,
				EC969A0A22C0CFD0004F9FC0 /* SettingsViewController.swift in Sources */,
			);
			runOnlyForDeploymentPostprocessing = 0;
		};
/* End PBXSourcesBuildPhase section */

/* Begin PBXVariantGroup section */
		EC3E14F122A50E3B00CBB45B /* Main.storyboard */ = {
			isa = PBXVariantGroup;
			children = (
				EC3E14F222A50E3B00CBB45B /* Base */,
			);
			name = Main.storyboard;
			sourceTree = "<group>";
		};
		EC3E14F622A50E3E00CBB45B /* LaunchScreen.storyboard */ = {
			isa = PBXVariantGroup;
			children = (
				EC3E14F722A50E3E00CBB45B /* Base */,
			);
			name = LaunchScreen.storyboard;
			sourceTree = "<group>";
		};
/* End PBXVariantGroup section */

/* Begin XCBuildConfiguration section */
		EC3E14FA22A50E3E00CBB45B /* Debug */ = {
			isa = XCBuildConfiguration;
			buildSettings = {
				ALWAYS_SEARCH_USER_PATHS = NO;
				CLANG_ANALYZER_NONNULL = YES;
				CLANG_ANALYZER_NUMBER_OBJECT_CONVERSION = YES_AGGRESSIVE;
				CLANG_CXX_LANGUAGE_STANDARD = "gnu++14";
				CLANG_CXX_LIBRARY = "libc++";
				CLANG_ENABLE_MODULES = YES;
				CLANG_ENABLE_OBJC_ARC = YES;
				CLANG_ENABLE_OBJC_WEAK = YES;
				CLANG_WARN_BLOCK_CAPTURE_AUTORELEASING = YES;
				CLANG_WARN_BOOL_CONVERSION = YES;
				CLANG_WARN_COMMA = YES;
				CLANG_WARN_CONSTANT_CONVERSION = YES;
				CLANG_WARN_DEPRECATED_OBJC_IMPLEMENTATIONS = YES;
				CLANG_WARN_DIRECT_OBJC_ISA_USAGE = YES_ERROR;
				CLANG_WARN_DOCUMENTATION_COMMENTS = YES;
				CLANG_WARN_EMPTY_BODY = YES;
				CLANG_WARN_ENUM_CONVERSION = YES;
				CLANG_WARN_INFINITE_RECURSION = YES;
				CLANG_WARN_INT_CONVERSION = YES;
				CLANG_WARN_NON_LITERAL_NULL_CONVERSION = YES;
				CLANG_WARN_OBJC_IMPLICIT_RETAIN_SELF = YES;
				CLANG_WARN_OBJC_LITERAL_CONVERSION = YES;
				CLANG_WARN_OBJC_ROOT_CLASS = YES_ERROR;
				CLANG_WARN_RANGE_LOOP_ANALYSIS = YES;
				CLANG_WARN_STRICT_PROTOTYPES = YES;
				CLANG_WARN_SUSPICIOUS_MOVE = YES;
				CLANG_WARN_UNGUARDED_AVAILABILITY = YES_AGGRESSIVE;
				CLANG_WARN_UNREACHABLE_CODE = YES;
				CLANG_WARN__DUPLICATE_METHOD_MATCH = YES;
				CODE_SIGN_IDENTITY = "iPhone Developer";
				COPY_PHASE_STRIP = NO;
				DEBUG_INFORMATION_FORMAT = dwarf;
				ENABLE_STRICT_OBJC_MSGSEND = YES;
				ENABLE_TESTABILITY = YES;
				GCC_C_LANGUAGE_STANDARD = gnu11;
				GCC_DYNAMIC_NO_PIC = NO;
				GCC_NO_COMMON_BLOCKS = YES;
				GCC_OPTIMIZATION_LEVEL = 0;
				GCC_PREPROCESSOR_DEFINITIONS = (
					"DEBUG=1",
					"$(inherited)",
				);
				GCC_WARN_64_TO_32_BIT_CONVERSION = YES;
				GCC_WARN_ABOUT_RETURN_TYPE = YES_ERROR;
				GCC_WARN_UNDECLARED_SELECTOR = YES;
				GCC_WARN_UNINITIALIZED_AUTOS = YES_AGGRESSIVE;
				GCC_WARN_UNUSED_FUNCTION = YES;
				GCC_WARN_UNUSED_VARIABLE = YES;
				IPHONEOS_DEPLOYMENT_TARGET = 12.1;
				MTL_ENABLE_DEBUG_INFO = INCLUDE_SOURCE;
				MTL_FAST_MATH = YES;
				ONLY_ACTIVE_ARCH = YES;
				SDKROOT = iphoneos;
				SWIFT_ACTIVE_COMPILATION_CONDITIONS = DEBUG;
				SWIFT_OPTIMIZATION_LEVEL = "-Onone";
			};
			name = Debug;
		};
		EC3E14FB22A50E3E00CBB45B /* Release */ = {
			isa = XCBuildConfiguration;
			buildSettings = {
				ALWAYS_SEARCH_USER_PATHS = NO;
				CLANG_ANALYZER_NONNULL = YES;
				CLANG_ANALYZER_NUMBER_OBJECT_CONVERSION = YES_AGGRESSIVE;
				CLANG_CXX_LANGUAGE_STANDARD = "gnu++14";
				CLANG_CXX_LIBRARY = "libc++";
				CLANG_ENABLE_MODULES = YES;
				CLANG_ENABLE_OBJC_ARC = YES;
				CLANG_ENABLE_OBJC_WEAK = YES;
				CLANG_WARN_BLOCK_CAPTURE_AUTORELEASING = YES;
				CLANG_WARN_BOOL_CONVERSION = YES;
				CLANG_WARN_COMMA = YES;
				CLANG_WARN_CONSTANT_CONVERSION = YES;
				CLANG_WARN_DEPRECATED_OBJC_IMPLEMENTATIONS = YES;
				CLANG_WARN_DIRECT_OBJC_ISA_USAGE = YES_ERROR;
				CLANG_WARN_DOCUMENTATION_COMMENTS = YES;
				CLANG_WARN_EMPTY_BODY = YES;
				CLANG_WARN_ENUM_CONVERSION = YES;
				CLANG_WARN_INFINITE_RECURSION = YES;
				CLANG_WARN_INT_CONVERSION = YES;
				CLANG_WARN_NON_LITERAL_NULL_CONVERSION = YES;
				CLANG_WARN_OBJC_IMPLICIT_RETAIN_SELF = YES;
				CLANG_WARN_OBJC_LITERAL_CONVERSION = YES;
				CLANG_WARN_OBJC_ROOT_CLASS = YES_ERROR;
				CLANG_WARN_RANGE_LOOP_ANALYSIS = YES;
				CLANG_WARN_STRICT_PROTOTYPES = YES;
				CLANG_WARN_SUSPICIOUS_MOVE = YES;
				CLANG_WARN_UNGUARDED_AVAILABILITY = YES_AGGRESSIVE;
				CLANG_WARN_UNREACHABLE_CODE = YES;
				CLANG_WARN__DUPLICATE_METHOD_MATCH = YES;
				CODE_SIGN_IDENTITY = "iPhone Developer";
				COPY_PHASE_STRIP = NO;
				DEBUG_INFORMATION_FORMAT = "dwarf-with-dsym";
				ENABLE_NS_ASSERTIONS = NO;
				ENABLE_STRICT_OBJC_MSGSEND = YES;
				GCC_C_LANGUAGE_STANDARD = gnu11;
				GCC_NO_COMMON_BLOCKS = YES;
				GCC_WARN_64_TO_32_BIT_CONVERSION = YES;
				GCC_WARN_ABOUT_RETURN_TYPE = YES_ERROR;
				GCC_WARN_UNDECLARED_SELECTOR = YES;
				GCC_WARN_UNINITIALIZED_AUTOS = YES_AGGRESSIVE;
				GCC_WARN_UNUSED_FUNCTION = YES;
				GCC_WARN_UNUSED_VARIABLE = YES;
				IPHONEOS_DEPLOYMENT_TARGET = 12.1;
				MTL_ENABLE_DEBUG_INFO = NO;
				MTL_FAST_MATH = YES;
				SDKROOT = iphoneos;
				SWIFT_COMPILATION_MODE = wholemodule;
				SWIFT_OPTIMIZATION_LEVEL = "-O";
				VALIDATE_PRODUCT = YES;
			};
			name = Release;
		};
		EC3E14FD22A50E3E00CBB45B /* Debug */ = {
			isa = XCBuildConfiguration;
			buildSettings = {
				ASSETCATALOG_COMPILER_APPICON_NAME = AppIcon;
				CODE_SIGN_STYLE = Automatic;
				INFOPLIST_FILE = GroupUp/Info.plist;
				LD_RUNPATH_SEARCH_PATHS = (
					"$(inherited)",
					"@executable_path/Frameworks",
				);
				PRODUCT_BUNDLE_IDENTIFIER = com.esgi.GroupUp;
				PRODUCT_NAME = "$(TARGET_NAME)";
				SWIFT_VERSION = 4.2;
				TARGETED_DEVICE_FAMILY = "1,2";
			};
			name = Debug;
		};
		EC3E14FE22A50E3E00CBB45B /* Release */ = {
			isa = XCBuildConfiguration;
			buildSettings = {
				ASSETCATALOG_COMPILER_APPICON_NAME = AppIcon;
				CODE_SIGN_STYLE = Automatic;
				INFOPLIST_FILE = GroupUp/Info.plist;
				LD_RUNPATH_SEARCH_PATHS = (
					"$(inherited)",
					"@executable_path/Frameworks",
				);
				PRODUCT_BUNDLE_IDENTIFIER = com.esgi.GroupUp;
				PRODUCT_NAME = "$(TARGET_NAME)";
				SWIFT_VERSION = 4.2;
				TARGETED_DEVICE_FAMILY = "1,2";
			};
			name = Release;
		};
/* End XCBuildConfiguration section */

/* Begin XCConfigurationList section */
		EC3E14E322A50E3B00CBB45B /* Build configuration list for PBXProject "GroupUp" */ = {
			isa = XCConfigurationList;
			buildConfigurations = (
				EC3E14FA22A50E3E00CBB45B /* Debug */,
				EC3E14FB22A50E3E00CBB45B /* Release */,
			);
			defaultConfigurationIsVisible = 0;
			defaultConfigurationName = Release;
		};
		EC3E14FC22A50E3E00CBB45B /* Build configuration list for PBXNativeTarget "GroupUp" */ = {
			isa = XCConfigurationList;
			buildConfigurations = (
				EC3E14FD22A50E3E00CBB45B /* Debug */,
				EC3E14FE22A50E3E00CBB45B /* Release */,
			);
			defaultConfigurationIsVisible = 0;
			defaultConfigurationName = Release;
		};
/* End XCConfigurationList section */
	};
	rootObject = EC3E14E022A50E3B00CBB45B /* Project object */;
}
